
Microsoft Visual Studio Solution File, Format Version 12.00
# Visual Studio Version 17
VisualStudioVersion = 17.13.35931.197 d17.13
MinimumVisualStudioVersion = 10.0.40219.1
Project("{FAE04EC0-301F-11D3-BF4B-00C04F79EFBC}") = "C#04", "C#04\C#04.csproj", "{6961FF45-AB20-4C78-87B5-D5F6977EACE5}"
EndProject
Global
	GlobalSection(SolutionConfigurationPlatforms) = preSolution
		Debug|Any CPU = Debug|Any CPU
		Release|Any CPU = Release|Any CPU
	EndGlobalSection
	GlobalSection(ProjectConfigurationPlatforms) = postSolution
		{6961FF45-AB20-4C78-87B5-D5F6977EACE5}.Debug|Any CPU.ActiveCfg = Debug|Any CPU
		{6961FF45-AB20-4C78-87B5-D5F6977EACE5}.Debug|Any CPU.Build.0 = Debug|Any CPU
		{6961FF45-AB20-4C78-87B5-D5F6977EACE5}.Release|Any CPU.ActiveCfg = Release|Any CPU
		{6961FF45-AB20-4C78-87B5-D5F6977EACE5}.Release|Any CPU.Build.0 = Release|Any CPU
	EndGlobalSection
	GlobalSection(SolutionProperties) = preSolution
		HideSolutionNode = FALSE
	EndGlobalSection
	GlobalSection(ExtensibilityGlobals) = postSolution
		SolutionGuid = {D2588BCA-79B3-4818-957A-5EA19673D210}
	EndGlobalSection
EndGlobal
