
Microsoft Visual Studio Solution File, Format Version 12.00
# Visual Studio Version 17
VisualStudioVersion = 17.13.35931.197 d17.13
MinimumVisualStudioVersion = 10.0.40219.1
Project("{FAE04EC0-301F-11D3-BF4B-00C04F79EFBC}") = "EF01", "EF01\EF01.csproj", "{4A8B24D1-EF1A-45DB-8562-D46C9DE53CBF}"
EndProject
Global
	GlobalSection(SolutionConfigurationPlatforms) = preSolution
		Debug|Any CPU = Debug|Any CPU
		Release|Any CPU = Release|Any CPU
	EndGlobalSection
	GlobalSection(ProjectConfigurationPlatforms) = postSolution
		{4A8B24D1-EF1A-45DB-8562-D46C9DE53CBF}.Debug|Any CPU.ActiveCfg = Debug|Any CPU
		{4A8B24D1-EF1A-45DB-8562-D46C9DE53CBF}.Debug|Any CPU.Build.0 = Debug|Any CPU
		{4A8B24D1-EF1A-45DB-8562-D46C9DE53CBF}.Release|Any CPU.ActiveCfg = Release|Any CPU
		{4A8B24D1-EF1A-45DB-8562-D46C9DE53CBF}.Release|Any CPU.Build.0 = Release|Any CPU
	EndGlobalSection
	GlobalSection(SolutionProperties) = preSolution
		HideSolutionNode = FALSE
	EndGlobalSection
	GlobalSection(ExtensibilityGlobals) = postSolution
		SolutionGuid = {94034CE5-15DE-4B28-A61B-8054C2B7DFB2}
	EndGlobalSection
EndGlobal
