
Microsoft Visual Studio Solution File, Format Version 12.00
# Visual Studio Version 17
VisualStudioVersion = 17.13.35931.197 d17.13
MinimumVisualStudioVersion = 10.0.40219.1
Project("{FAE04EC0-301F-11D3-BF4B-00C04F79EFBC}") = "Exam02", "Exam02\Exam02.csproj", "{C5720A64-E6F6-4374-B419-AE7E143D04B2}"
EndProject
Global
	GlobalSection(SolutionConfigurationPlatforms) = preSolution
		Debug|Any CPU = Debug|Any CPU
		Release|Any CPU = Release|Any CPU
	EndGlobalSection
	GlobalSection(ProjectConfigurationPlatforms) = postSolution
		{C5720A64-E6F6-4374-B419-AE7E143D04B2}.Debug|Any CPU.ActiveCfg = Debug|Any CPU
		{C5720A64-E6F6-4374-B419-AE7E143D04B2}.Debug|Any CPU.Build.0 = Debug|Any CPU
		{C5720A64-E6F6-4374-B419-AE7E143D04B2}.Release|Any CPU.ActiveCfg = Release|Any CPU
		{C5720A64-E6F6-4374-B419-AE7E143D04B2}.Release|Any CPU.Build.0 = Release|Any CPU
	EndGlobalSection
	GlobalSection(SolutionProperties) = preSolution
		HideSolutionNode = FALSE
	EndGlobalSection
	GlobalSection(ExtensibilityGlobals) = postSolution
		SolutionGuid = {C28FD8EB-6744-44D8-A92F-0FD464E3ED4A}
	EndGlobalSection
EndGlobal
