
Microsoft Visual Studio Solution File, Format Version 12.00
# Visual Studio Version 17
VisualStudioVersion = 17.13.35931.197 d17.13
MinimumVisualStudioVersion = 10.0.40219.1
Project("{FAE04EC0-301F-11D3-BF4B-00C04F79EFBC}") = "OOP03", "OOP03\OOP03.csproj", "{9E56C0DF-471B-4BAB-A223-4A932902D7BF}"
EndProject
Global
	GlobalSection(SolutionConfigurationPlatforms) = preSolution
		Debug|Any CPU = Debug|Any CPU
		Release|Any CPU = Release|Any CPU
	EndGlobalSection
	GlobalSection(ProjectConfigurationPlatforms) = postSolution
		{9E56C0DF-471B-4BAB-A223-4A932902D7BF}.Debug|Any CPU.ActiveCfg = Debug|Any CPU
		{9E56C0DF-471B-4BAB-A223-4A932902D7BF}.Debug|Any CPU.Build.0 = Debug|Any CPU
		{9E56C0DF-471B-4BAB-A223-4A932902D7BF}.Release|Any CPU.ActiveCfg = Release|Any CPU
		{9E56C0DF-471B-4BAB-A223-4A932902D7BF}.Release|Any CPU.Build.0 = Release|Any CPU
	EndGlobalSection
	GlobalSection(SolutionProperties) = preSolution
		HideSolutionNode = FALSE
	EndGlobalSection
	GlobalSection(ExtensibilityGlobals) = postSolution
		SolutionGuid = {8FE4D337-7DD5-4393-9627-B5D07591C4FB}
	EndGlobalSection
EndGlobal
